<?xml version="1.0" encoding="utf-8"?>
<Project ToolsVersion="4.0" xmlns="http://schemas.microsoft.com/developer/msbuild/2003">
  <ItemGroup>
    <Filter Include="Source Files">
      <UniqueIdentifier>{4FC737F1-C7A5-4376-A066-2A32D752A2FF}</UniqueIdentifier>
      <Extensions>cpp;c;cc;cxx;def;odl;idl;hpj;bat;asm;asmx</Extensions>
    </Filter>
    <Filter Include="Header Files">
      <UniqueIdentifier>{93995380-89BD-4b04-88EB-625FBE52EBFB}</UniqueIdentifier>
      <Extensions>h;hh;hpp;hxx;hm;inl;inc;xsd</Extensions>
    </Filter>
    <Filter Include="Resource Files">
      <UniqueIdentifier>{67DA6AB6-F800-4c08-8B7A-83BB121AAD01}</UniqueIdentifier>
      <Extensions>rc;ico;cur;bmp;dlg;rc2;rct;bin;rgs;gif;jpg;jpeg;jpe;resx;tiff;tif;png;wav;mfcribbon-ms</Extensions>
    </Filter>
    <Filter Include="imgui">
      <UniqueIdentifier>{3aec183d-c787-4190-a36f-46d394531e9f}</UniqueIdentifier>
    </Filter>
    <Filter Include="Header Files\WorldObjects">
      <UniqueIdentifier>{ca33cc68-b63e-437f-8ab3-98d9fba87f46}</UniqueIdentifier>
    </Filter>
    <Filter Include="Source Files\WorldObjects">
      <UniqueIdentifier>{f965c887-9db5-40a8-a22b-78b282ab7e79}</UniqueIdentifier>
    </Filter>
    <Filter Include="Header Files\Views">
      <UniqueIdentifier>{b7783bea-3e7d-473d-aa93-5909e5ca96d4}</UniqueIdentifier>
    </Filter>
    <Filter Include="Source Files\Views">
      <UniqueIdentifier>{02c7ea3e-3db3-48dd-af3b-bce7d42a3f2c}</UniqueIdentifier>
    </Filter>
    <Filter Include="Header Files\GlobalSystems">
      <UniqueIdentifier>{ab52b518-7b0b-4fff-a7ef-f933793fc8b4}</UniqueIdentifier>
    </Filter>
    <Filter Include="Source Files\GlobalSystems">
      <UniqueIdentifier>{b1d15f36-49d8-4900-8123-9306e0c7c4b5}</UniqueIdentifier>
    </Filter>
    <Filter Include="Header Files\HeaderOnly">
      <UniqueIdentifier>{0e5e65cd-2eb7-4a96-af5f-0e8fc485b377}</UniqueIdentifier>
    </Filter>
  </ItemGroup>
  <ItemGroup>
    <ClCompile Include="Main.cpp">
      <Filter>Source Files</Filter>
    </ClCompile>
    <ClCompile Include="imgui_impl_glfw_gl3.cpp">
      <Filter>Source Files</Filter>
    </ClCompile>
    <ClCompile Include="imgui.cpp">
      <Filter>imgui</Filter>
    </ClCompile>
    <ClCompile Include="imgui_demo.cpp">
      <Filter>imgui</Filter>
    </ClCompile>
    <ClCompile Include="imgui_draw.cpp">
      <Filter>imgui</Filter>
    </ClCompile>
    <ClCompile Include="Player.cpp">
      <Filter>Source Files\WorldObjects</Filter>
    </ClCompile>
    <ClCompile Include="View.cpp">
      <Filter>Source Files\Views</Filter>
    </ClCompile>
    <ClCompile Include="Team.cpp">
      <Filter>Source Files\WorldObjects</Filter>
    </ClCompile>
    <ClCompile Include="WorldObject.cpp">
      <Filter>Source Files\WorldObjects</Filter>
    </ClCompile>
    <ClCompile Include="WorldObjectFactory.cpp">
      <Filter>Source Files\WorldObjects</Filter>
    </ClCompile>
    <ClCompile Include="PlayerView.cpp">
      <Filter>Source Files\Views</Filter>
    </ClCompile>
    <ClCompile Include="PSSGame.cpp">
      <Filter>Source Files\GlobalSystems</Filter>
    </ClCompile>
    <ClCompile Include="WorldDatabase.cpp">
      <Filter>Source Files\GlobalSystems</Filter>
    </ClCompile>
    <ClCompile Include="TopMenu.cpp">
      <Filter>Source Files</Filter>
    </ClCompile>
    <ClCompile Include="TeamView.cpp">
      <Filter>Source Files</Filter>
    </ClCompile>
  </ItemGroup>
  <ItemGroup>
    <ClInclude Include="imgui_impl_glfw_gl3.h">
      <Filter>Header Files</Filter>
    </ClInclude>
    <ClInclude Include="imconfig.h">
      <Filter>imgui</Filter>
    </ClInclude>
    <ClInclude Include="imgui.h">
      <Filter>imgui</Filter>
    </ClInclude>
    <ClInclude Include="imgui_internal.h">
      <Filter>imgui</Filter>
    </ClInclude>
    <ClInclude Include="stb_rect_pack.h">
      <Filter>imgui</Filter>
    </ClInclude>
    <ClInclude Include="stb_textedit.h">
      <Filter>imgui</Filter>
    </ClInclude>
    <ClInclude Include="stb_truetype.h">
      <Filter>imgui</Filter>
    </ClInclude>
    <ClInclude Include="Player.h">
      <Filter>Header Files\WorldObjects</Filter>
    </ClInclude>
    <ClInclude Include="View.h">
      <Filter>Header Files\Views</Filter>
    </ClInclude>
    <ClInclude Include="Team.h">
      <Filter>Header Files\WorldObjects</Filter>
    </ClInclude>
    <ClInclude Include="WorldObject.h">
      <Filter>Header Files\WorldObjects</Filter>
    </ClInclude>
    <ClInclude Include="WorldObjectFactory.h">
      <Filter>Header Files\WorldObjects</Filter>
    </ClInclude>
    <ClInclude Include="PlayerView.h">
      <Filter>Header Files\Views</Filter>
    </ClInclude>
    <ClInclude Include="PSSGame.h">
      <Filter>Header Files\GlobalSystems</Filter>
    </ClInclude>
    <ClInclude Include="WorldDatabase.h">
      <Filter>Header Files\GlobalSystems</Filter>
    </ClInclude>
    <ClInclude Include="TopMenu.h">
      <Filter>Header Files</Filter>
    </ClInclude>
    <ClInclude Include="GUI.h">
      <Filter>Header Files\HeaderOnly</Filter>
    </ClInclude>
    <ClInclude Include="Globals.h">
      <Filter>Header Files\HeaderOnly</Filter>
    </ClInclude>
    <ClInclude Include="TeamView.h">
      <Filter>Header Files</Filter>
    </ClInclude>
  </ItemGroup>
</Project>